Microsoft Visual Studio Solution File, Format Version 11.00
# Visual Studio 2008

Project("{982257EE-86EC-ACE3-7843-8D27087CEC5F}") = "Line Rider Replica", "Assembly-CSharp.csproj", "{2F72A2E7-8EE5-297D-CE27-5FBD9780DEE9}"
EndProject
Global
	GlobalSection(SolutionConfigurationPlatforms) = preSolution
		Debug|Any CPU = Debug|Any CPU
		Release|Any CPU = Release|Any CPU
	EndGlobalSection
	GlobalSection(ProjectConfigurationPlatforms) = postSolution
		{2F72A2E7-8EE5-297D-CE27-5FBD9780DEE9}.Debug|Any CPU.ActiveCfg = Debug|Any CPU
		{2F72A2E7-8EE5-297D-CE27-5FBD9780DEE9}.Debug|Any CPU.Build.0 = Debug|Any CPU
		{2F72A2E7-8EE5-297D-CE27-5FBD9780DEE9}.Release|Any CPU.ActiveCfg = Release|Any CPU
		{2F72A2E7-8EE5-297D-CE27-5FBD9780DEE9}.Release|Any CPU.Build.0 = Release|Any CPU
	EndGlobalSection
	GlobalSection(SolutionProperties) = preSolution
		HideSolutionNode = FALSE
	EndGlobalSection
	GlobalSection(MonoDevelopProperties) = preSolution
		StartupItem = Assembly-CSharp.csproj
	EndGlobalSection
EndGlobal
